
Microsoft Visual Studio Solution File, Format Version 12.00
# Visual Studio Version 17
VisualStudioVersion = 17.9.34728.123
MinimumVisualStudioVersion = 10.0.40219.1
Project("{FAE04EC0-301F-11D3-BF4B-00C04F79EFBC}") = "ejercicio7", "ejercicio7\ejercicio7.csproj", "{786A8E93-4221-4D32-9809-E2ECD93B8045}"
EndProject
Global
	GlobalSection(SolutionConfigurationPlatforms) = preSolution
		Debug|Any CPU = Debug|Any CPU
		Release|Any CPU = Release|Any CPU
	EndGlobalSection
	GlobalSection(ProjectConfigurationPlatforms) = postSolution
		{786A8E93-4221-4D32-9809-E2ECD93B8045}.Debug|Any CPU.ActiveCfg = Debug|Any CPU
		{786A8E93-4221-4D32-9809-E2ECD93B8045}.Debug|Any CPU.Build.0 = Debug|Any CPU
		{786A8E93-4221-4D32-9809-E2ECD93B8045}.Release|Any CPU.ActiveCfg = Release|Any CPU
		{786A8E93-4221-4D32-9809-E2ECD93B8045}.Release|Any CPU.Build.0 = Release|Any CPU
	EndGlobalSection
	GlobalSection(SolutionProperties) = preSolution
		HideSolutionNode = FALSE
	EndGlobalSection
	GlobalSection(ExtensibilityGlobals) = postSolution
		SolutionGuid = {016B8A94-9C47-4CC8-8CE5-DA9DD61B4CED}
	EndGlobalSection
EndGlobal
