
Microsoft Visual Studio Solution File, Format Version 12.00
# Visual Studio Version 17
VisualStudioVersion = 17.9.34728.123
MinimumVisualStudioVersion = 10.0.40219.1
Project("{FAE04EC0-301F-11D3-BF4B-00C04F79EFBC}") = "ejercicio11", "ejercicio11\ejercicio11.csproj", "{D83D6A18-4522-4448-AF0B-C086C6547C9D}"
EndProject
Global
	GlobalSection(SolutionConfigurationPlatforms) = preSolution
		Debug|Any CPU = Debug|Any CPU
		Release|Any CPU = Release|Any CPU
	EndGlobalSection
	GlobalSection(ProjectConfigurationPlatforms) = postSolution
		{D83D6A18-4522-4448-AF0B-C086C6547C9D}.Debug|Any CPU.ActiveCfg = Debug|Any CPU
		{D83D6A18-4522-4448-AF0B-C086C6547C9D}.Debug|Any CPU.Build.0 = Debug|Any CPU
		{D83D6A18-4522-4448-AF0B-C086C6547C9D}.Release|Any CPU.ActiveCfg = Release|Any CPU
		{D83D6A18-4522-4448-AF0B-C086C6547C9D}.Release|Any CPU.Build.0 = Release|Any CPU
	EndGlobalSection
	GlobalSection(SolutionProperties) = preSolution
		HideSolutionNode = FALSE
	EndGlobalSection
	GlobalSection(ExtensibilityGlobals) = postSolution
		SolutionGuid = {281F4B70-2DFE-4533-9580-E52D70E23E24}
	EndGlobalSection
EndGlobal
